
Microsoft Visual Studio Solution File, Format Version 12.00
# Visual Studio 15
VisualStudioVersion = 15.0.26228.9
MinimumVisualStudioVersion = 10.0.40219.1
Project("{FAE04EC0-301F-11D3-BF4B-00C04F79EFBC}") = "YouFly.core", "YouFly.core\YouFly.core.csproj", "{32033453-B0F4-4B5B-9D1C-A059EC3EC771}"
EndProject
Project("{FAE04EC0-301F-11D3-BF4B-00C04F79EFBC}") = "YouFly.droid", "YouFly.droid\YouFly.droid.csproj", "{AF38B1F4-BA53-4C0A-A88F-A16362B82E8F}"
EndProject
Project("{FAE04EC0-301F-11D3-BF4B-00C04F79EFBC}") = "YouFly.web", "YouFly.web\YouFly.web.csproj", "{FF017B41-0B80-4AFE-9098-5729ADC79D7A}"
EndProject
Global
	GlobalSection(SolutionConfigurationPlatforms) = preSolution
		Debug|Any CPU = Debug|Any CPU
		Release|Any CPU = Release|Any CPU
	EndGlobalSection
	GlobalSection(ProjectConfigurationPlatforms) = postSolution
		{32033453-B0F4-4B5B-9D1C-A059EC3EC771}.Debug|Any CPU.ActiveCfg = Debug|Any CPU
		{32033453-B0F4-4B5B-9D1C-A059EC3EC771}.Debug|Any CPU.Build.0 = Debug|Any CPU
		{32033453-B0F4-4B5B-9D1C-A059EC3EC771}.Release|Any CPU.ActiveCfg = Release|Any CPU
		{32033453-B0F4-4B5B-9D1C-A059EC3EC771}.Release|Any CPU.Build.0 = Release|Any CPU
		{AF38B1F4-BA53-4C0A-A88F-A16362B82E8F}.Debug|Any CPU.ActiveCfg = Debug|Any CPU
		{AF38B1F4-BA53-4C0A-A88F-A16362B82E8F}.Debug|Any CPU.Build.0 = Debug|Any CPU
		{AF38B1F4-BA53-4C0A-A88F-A16362B82E8F}.Debug|Any CPU.Deploy.0 = Debug|Any CPU
		{AF38B1F4-BA53-4C0A-A88F-A16362B82E8F}.Release|Any CPU.ActiveCfg = Release|Any CPU
		{AF38B1F4-BA53-4C0A-A88F-A16362B82E8F}.Release|Any CPU.Build.0 = Release|Any CPU
		{AF38B1F4-BA53-4C0A-A88F-A16362B82E8F}.Release|Any CPU.Deploy.0 = Release|Any CPU
		{FF017B41-0B80-4AFE-9098-5729ADC79D7A}.Debug|Any CPU.ActiveCfg = Debug|Any CPU
		{FF017B41-0B80-4AFE-9098-5729ADC79D7A}.Debug|Any CPU.Build.0 = Debug|Any CPU
		{FF017B41-0B80-4AFE-9098-5729ADC79D7A}.Release|Any CPU.ActiveCfg = Release|Any CPU
		{FF017B41-0B80-4AFE-9098-5729ADC79D7A}.Release|Any CPU.Build.0 = Release|Any CPU
	EndGlobalSection
	GlobalSection(SolutionProperties) = preSolution
		HideSolutionNode = FALSE
	EndGlobalSection
EndGlobal
